// !$*UTF8*$!
{
	archiveVersion = 1;
	classes = {
	};
	objectVersion = 56;
	objects = {

/* Begin PBXBuildFile section */
		7136540B2BF9CD93009871B6 /* SlipboxProjectApp.swift in Sources */ = {isa = PBXBuildFile; fileRef = 7136540A2BF9CD93009871B6 /* SlipboxProjectApp.swift */; };
		7136540F2BF9CD94009871B6 /* Assets.xcassets in Resources */ = {isa = PBXBuildFile; fileRef = 7136540E2BF9CD94009871B6 /* Assets.xcassets */; };
		713654132BF9CD94009871B6 /* Preview Assets.xcassets in Resources */ = {isa = PBXBuildFile; fileRef = 713654122BF9CD94009871B6 /* Preview Assets.xcassets */; };
		7136541D2BF9CE24009871B6 /* Slipbox.xcdatamodeld in Sources */ = {isa = PBXBuildFile; fileRef = 7136541B2BF9CE24009871B6 /* Slipbox.xcdatamodeld */; };
		713654242BF9CED7009871B6 /* Color+Helper.swift in Sources */ = {isa = PBXBuildFile; fileRef = 713654212BF9CED7009871B6 /* Color+Helper.swift */; };
		713654252BF9CED7009871B6 /* NSAttributedString+Data+Helper.swift in Sources */ = {isa = PBXBuildFile; fileRef = 713654222BF9CED7009871B6 /* NSAttributedString+Data+Helper.swift */; };
		713654262BF9CED7009871B6 /* NSPredicate+Helper.swift in Sources */ = {isa = PBXBuildFile; fileRef = 713654232BF9CED7009871B6 /* NSPredicate+Helper.swift */; };
		713654292BF9CF22009871B6 /* ComposableArchitecture in Frameworks */ = {isa = PBXBuildFile; productRef = 713654282BF9CF22009871B6 /* ComposableArchitecture */; };
		7136542B2BF9D06D009871B6 /* Note+.swift in Sources */ = {isa = PBXBuildFile; fileRef = 7136542A2BF9D06D009871B6 /* Note+.swift */; };
		7136542D2BF9D072009871B6 /* Folder+.swift in Sources */ = {isa = PBXBuildFile; fileRef = 7136542C2BF9D072009871B6 /* Folder+.swift */; };
		7136542F2BF9D10E009871B6 /* Status.swift in Sources */ = {isa = PBXBuildFile; fileRef = 7136542E2BF9D10E009871B6 /* Status.swift */; };
		713654312BF9D78B009871B6 /* PersistenceController.swift in Sources */ = {isa = PBXBuildFile; fileRef = 713654302BF9D78B009871B6 /* PersistenceController.swift */; };
		713654332BF9DBF6009871B6 /* SlipboxClient.swift in Sources */ = {isa = PBXBuildFile; fileRef = 713654322BF9DBF6009871B6 /* SlipboxClient.swift */; };
		713654352BF9ED6E009871B6 /* AppFeature.swift in Sources */ = {isa = PBXBuildFile; fileRef = 713654342BF9ED6E009871B6 /* AppFeature.swift */; };
		713654372BF9EED8009871B6 /* FolderListFeature.swift in Sources */ = {isa = PBXBuildFile; fileRef = 713654362BF9EED8009871B6 /* FolderListFeature.swift */; };
		713654392BF9EF95009871B6 /* RecursiveFolderFeature.swift in Sources */ = {isa = PBXBuildFile; fileRef = 713654382BF9EF95009871B6 /* RecursiveFolderFeature.swift */; };
		7136543B2BF9EFCF009871B6 /* FolderRowFeature.swift in Sources */ = {isa = PBXBuildFile; fileRef = 7136543A2BF9EFCF009871B6 /* FolderRowFeature.swift */; };
		7136543D2BF9F0F1009871B6 /* FolderEditorFeature.swift in Sources */ = {isa = PBXBuildFile; fileRef = 7136543C2BF9F0F1009871B6 /* FolderEditorFeature.swift */; };
/* End PBXBuildFile section */

/* Begin PBXFileReference section */
		713654072BF9CD93009871B6 /* SlipboxProject.app */ = {isa = PBXFileReference; explicitFileType = wrapper.application; includeInIndex = 0; path = SlipboxProject.app; sourceTree = BUILT_PRODUCTS_DIR; };
		7136540A2BF9CD93009871B6 /* SlipboxProjectApp.swift */ = {isa = PBXFileReference; lastKnownFileType = sourcecode.swift; path = SlipboxProjectApp.swift; sourceTree = "<group>"; };
		7136540E2BF9CD94009871B6 /* Assets.xcassets */ = {isa = PBXFileReference; lastKnownFileType = folder.assetcatalog; path = Assets.xcassets; sourceTree = "<group>"; };
		713654102BF9CD94009871B6 /* SlipboxProject.entitlements */ = {isa = PBXFileReference; lastKnownFileType = text.plist.entitlements; path = SlipboxProject.entitlements; sourceTree = "<group>"; };
		713654122BF9CD94009871B6 /* Preview Assets.xcassets */ = {isa = PBXFileReference; lastKnownFileType = folder.assetcatalog; path = "Preview Assets.xcassets"; sourceTree = "<group>"; };
		7136541C2BF9CE24009871B6 /* Slipbox.xcdatamodel */ = {isa = PBXFileReference; lastKnownFileType = wrapper.xcdatamodel; path = Slipbox.xcdatamodel; sourceTree = "<group>"; };
		713654212BF9CED7009871B6 /* Color+Helper.swift */ = {isa = PBXFileReference; fileEncoding = 4; lastKnownFileType = sourcecode.swift; path = "Color+Helper.swift"; sourceTree = "<group>"; };
		713654222BF9CED7009871B6 /* NSAttributedString+Data+Helper.swift */ = {isa = PBXFileReference; fileEncoding = 4; lastKnownFileType = sourcecode.swift; path = "NSAttributedString+Data+Helper.swift"; sourceTree = "<group>"; };
		713654232BF9CED7009871B6 /* NSPredicate+Helper.swift */ = {isa = PBXFileReference; fileEncoding = 4; lastKnownFileType = sourcecode.swift; path = "NSPredicate+Helper.swift"; sourceTree = "<group>"; };
		7136542A2BF9D06D009871B6 /* Note+.swift */ = {isa = PBXFileReference; lastKnownFileType = sourcecode.swift; path = "Note+.swift"; sourceTree = "<group>"; };
		7136542C2BF9D072009871B6 /* Folder+.swift */ = {isa = PBXFileReference; lastKnownFileType = sourcecode.swift; path = "Folder+.swift"; sourceTree = "<group>"; };
		7136542E2BF9D10E009871B6 /* Status.swift */ = {isa = PBXFileReference; lastKnownFileType = sourcecode.swift; path = Status.swift; sourceTree = "<group>"; };
		713654302BF9D78B009871B6 /* PersistenceController.swift */ = {isa = PBXFileReference; lastKnownFileType = sourcecode.swift; path = PersistenceController.swift; sourceTree = "<group>"; };
		713654322BF9DBF6009871B6 /* SlipboxClient.swift */ = {isa = PBXFileReference; lastKnownFileType = sourcecode.swift; path = SlipboxClient.swift; sourceTree = "<group>"; };
		713654342BF9ED6E009871B6 /* AppFeature.swift */ = {isa = PBXFileReference; lastKnownFileType = sourcecode.swift; path = AppFeature.swift; sourceTree = "<group>"; };
		713654362BF9EED8009871B6 /* FolderListFeature.swift */ = {isa = PBXFileReference; lastKnownFileType = sourcecode.swift; path = FolderListFeature.swift; sourceTree = "<group>"; };
		713654382BF9EF95009871B6 /* RecursiveFolderFeature.swift */ = {isa = PBXFileReference; lastKnownFileType = sourcecode.swift; path = RecursiveFolderFeature.swift; sourceTree = "<group>"; };
		7136543A2BF9EFCF009871B6 /* FolderRowFeature.swift */ = {isa = PBXFileReference; lastKnownFileType = sourcecode.swift; path = FolderRowFeature.swift; sourceTree = "<group>"; };
		7136543C2BF9F0F1009871B6 /* FolderEditorFeature.swift */ = {isa = PBXFileReference; lastKnownFileType = sourcecode.swift; path = FolderEditorFeature.swift; sourceTree = "<group>"; };
/* End PBXFileReference section */

/* Begin PBXFrameworksBuildPhase section */
		713654042BF9CD93009871B6 /* Frameworks */ = {
			isa = PBXFrameworksBuildPhase;
			buildActionMask = 2147483647;
			files = (
				713654292BF9CF22009871B6 /* ComposableArchitecture in Frameworks */,
			);
			runOnlyForDeploymentPostprocessing = 0;
		};
/* End PBXFrameworksBuildPhase section */

/* Begin PBXGroup section */
		713653FE2BF9CD93009871B6 = {
			isa = PBXGroup;
			children = (
				713654092BF9CD93009871B6 /* SlipboxProject */,
				713654082BF9CD93009871B6 /* Products */,
			);
			sourceTree = "<group>";
		};
		713654082BF9CD93009871B6 /* Products */ = {
			isa = PBXGroup;
			children = (
				713654072BF9CD93009871B6 /* SlipboxProject.app */,
			);
			name = Products;
			sourceTree = "<group>";
		};
		713654092BF9CD93009871B6 /* SlipboxProject */ = {
			isa = PBXGroup;
			children = (
				713654192BF9CDE7009871B6 /* Core Data */,
				7136541A2BF9CDEE009871B6 /* Features */,
				713654202BF9CEBA009871B6 /* Utils */,
				7136540A2BF9CD93009871B6 /* SlipboxProjectApp.swift */,
				7136540E2BF9CD94009871B6 /* Assets.xcassets */,
				713654102BF9CD94009871B6 /* SlipboxProject.entitlements */,
				713654112BF9CD94009871B6 /* Preview Content */,
			);
			path = SlipboxProject;
			sourceTree = "<group>";
		};
		713654112BF9CD94009871B6 /* Preview Content */ = {
			isa = PBXGroup;
			children = (
				713654122BF9CD94009871B6 /* Preview Assets.xcassets */,
			);
			path = "Preview Content";
			sourceTree = "<group>";
		};
		713654192BF9CDE7009871B6 /* Core Data */ = {
			isa = PBXGroup;
			children = (
				7136541F2BF9CEA3009871B6 /* Model */,
				7136541E2BF9CE97009871B6 /* Client */,
				713654302BF9D78B009871B6 /* PersistenceController.swift */,
				7136541B2BF9CE24009871B6 /* Slipbox.xcdatamodeld */,
			);
			path = "Core Data";
			sourceTree = "<group>";
		};
		7136541A2BF9CDEE009871B6 /* Features */ = {
			isa = PBXGroup;
			children = (
				713654342BF9ED6E009871B6 /* AppFeature.swift */,
				713654362BF9EED8009871B6 /* FolderListFeature.swift */,
				713654382BF9EF95009871B6 /* RecursiveFolderFeature.swift */,
				7136543A2BF9EFCF009871B6 /* FolderRowFeature.swift */,
				7136543C2BF9F0F1009871B6 /* FolderEditorFeature.swift */,
			);
			path = Features;
			sourceTree = "<group>";
		};
		7136541E2BF9CE97009871B6 /* Client */ = {
			isa = PBXGroup;
			children = (
				713654322BF9DBF6009871B6 /* SlipboxClient.swift */,
			);
			path = Client;
			sourceTree = "<group>";
		};
		7136541F2BF9CEA3009871B6 /* Model */ = {
			isa = PBXGroup;
			children = (
				7136542A2BF9D06D009871B6 /* Note+.swift */,
				7136542C2BF9D072009871B6 /* Folder+.swift */,
				7136542E2BF9D10E009871B6 /* Status.swift */,
			);
			path = Model;
			sourceTree = "<group>";
		};
		713654202BF9CEBA009871B6 /* Utils */ = {
			isa = PBXGroup;
			children = (
				713654212BF9CED7009871B6 /* Color+Helper.swift */,
				713654222BF9CED7009871B6 /* NSAttributedString+Data+Helper.swift */,
				713654232BF9CED7009871B6 /* NSPredicate+Helper.swift */,
			);
			path = Utils;
			sourceTree = "<group>";
		};
/* End PBXGroup section */

/* Begin PBXNativeTarget section */
		713654062BF9CD93009871B6 /* SlipboxProject */ = {
			isa = PBXNativeTarget;
			buildConfigurationList = 713654162BF9CD94009871B6 /* Build configuration list for PBXNativeTarget "SlipboxProject" */;
			buildPhases = (
				713654032BF9CD93009871B6 /* Sources */,
				713654042BF9CD93009871B6 /* Frameworks */,
				713654052BF9CD93009871B6 /* Resources */,
			);
			buildRules = (
			);
			dependencies = (
			);
			name = SlipboxProject;
			packageProductDependencies = (
				713654282BF9CF22009871B6 /* ComposableArchitecture */,
			);
			productName = SlipboxProject;
			productReference = 713654072BF9CD93009871B6 /* SlipboxProject.app */;
			productType = "com.apple.product-type.application";
		};
/* End PBXNativeTarget section */

/* Begin PBXProject section */
		713653FF2BF9CD93009871B6 /* Project object */ = {
			isa = PBXProject;
			attributes = {
				BuildIndependentTargetsInParallel = 1;
				LastSwiftUpdateCheck = 1530;
				LastUpgradeCheck = 1530;
				TargetAttributes = {
					713654062BF9CD93009871B6 = {
						CreatedOnToolsVersion = 15.3;
					};
				};
			};
			buildConfigurationList = 713654022BF9CD93009871B6 /* Build configuration list for PBXProject "SlipboxProject" */;
			compatibilityVersion = "Xcode 14.0";
			developmentRegion = en;
			hasScannedForEncodings = 0;
			knownRegions = (
				en,
				Base,
			);
			mainGroup = 713653FE2BF9CD93009871B6;
			packageReferences = (
				713654272BF9CF22009871B6 /* XCRemoteSwiftPackageReference "swift-composable-architecture" */,
			);
			productRefGroup = 713654082BF9CD93009871B6 /* Products */;
			projectDirPath = "";
			projectRoot = "";
			targets = (
				713654062BF9CD93009871B6 /* SlipboxProject */,
			);
		};
/* End PBXProject section */

/* Begin PBXResourcesBuildPhase section */
		713654052BF9CD93009871B6 /* Resources */ = {
			isa = PBXResourcesBuildPhase;
			buildActionMask = 2147483647;
			files = (
				713654132BF9CD94009871B6 /* Preview Assets.xcassets in Resources */,
				7136540F2BF9CD94009871B6 /* Assets.xcassets in Resources */,
			);
			runOnlyForDeploymentPostprocessing = 0;
		};
/* End PBXResourcesBuildPhase section */

/* Begin PBXSourcesBuildPhase section */
		713654032BF9CD93009871B6 /* Sources */ = {
			isa = PBXSourcesBuildPhase;
			buildActionMask = 2147483647;
			files = (
				713654392BF9EF95009871B6 /* RecursiveFolderFeature.swift in Sources */,
				713654352BF9ED6E009871B6 /* AppFeature.swift in Sources */,
				713654262BF9CED7009871B6 /* NSPredicate+Helper.swift in Sources */,
				7136543D2BF9F0F1009871B6 /* FolderEditorFeature.swift in Sources */,
				713654372BF9EED8009871B6 /* FolderListFeature.swift in Sources */,
				713654252BF9CED7009871B6 /* NSAttributedString+Data+Helper.swift in Sources */,
				7136541D2BF9CE24009871B6 /* Slipbox.xcdatamodeld in Sources */,
				7136542B2BF9D06D009871B6 /* Note+.swift in Sources */,
				7136542F2BF9D10E009871B6 /* Status.swift in Sources */,
				713654332BF9DBF6009871B6 /* SlipboxClient.swift in Sources */,
				7136543B2BF9EFCF009871B6 /* FolderRowFeature.swift in Sources */,
				7136540B2BF9CD93009871B6 /* SlipboxProjectApp.swift in Sources */,
				713654242BF9CED7009871B6 /* Color+Helper.swift in Sources */,
				7136542D2BF9D072009871B6 /* Folder+.swift in Sources */,
				713654312BF9D78B009871B6 /* PersistenceController.swift in Sources */,
			);
			runOnlyForDeploymentPostprocessing = 0;
		};
/* End PBXSourcesBuildPhase section */

/* Begin XCBuildConfiguration section */
		713654142BF9CD94009871B6 /* Debug */ = {
			isa = XCBuildConfiguration;
			buildSettings = {
				ALWAYS_SEARCH_USER_PATHS = NO;
				ASSETCATALOG_COMPILER_GENERATE_SWIFT_ASSET_SYMBOL_EXTENSIONS = YES;
				CLANG_ANALYZER_NONNULL = YES;
				CLANG_ANALYZER_NUMBER_OBJECT_CONVERSION = YES_AGGRESSIVE;
				CLANG_CXX_LANGUAGE_STANDARD = "gnu++20";
				CLANG_ENABLE_MODULES = YES;
				CLANG_ENABLE_OBJC_ARC = YES;
				CLANG_ENABLE_OBJC_WEAK = YES;
				CLANG_WARN_BLOCK_CAPTURE_AUTORELEASING = YES;
				CLANG_WARN_BOOL_CONVERSION = YES;
				CLANG_WARN_COMMA = YES;
				CLANG_WARN_CONSTANT_CONVERSION = YES;
				CLANG_WARN_DEPRECATED_OBJC_IMPLEMENTATIONS = YES;
				CLANG_WARN_DIRECT_OBJC_ISA_USAGE = YES_ERROR;
				CLANG_WARN_DOCUMENTATION_COMMENTS = YES;
				CLANG_WARN_EMPTY_BODY = YES;
				CLANG_WARN_ENUM_CONVERSION = YES;
				CLANG_WARN_INFINITE_RECURSION = YES;
				CLANG_WARN_INT_CONVERSION = YES;
				CLANG_WARN_NON_LITERAL_NULL_CONVERSION = YES;
				CLANG_WARN_OBJC_IMPLICIT_RETAIN_SELF = YES;
				CLANG_WARN_OBJC_LITERAL_CONVERSION = YES;
				CLANG_WARN_OBJC_ROOT_CLASS = YES_ERROR;
				CLANG_WARN_QUOTED_INCLUDE_IN_FRAMEWORK_HEADER = YES;
				CLANG_WARN_RANGE_LOOP_ANALYSIS = YES;
				CLANG_WARN_STRICT_PROTOTYPES = YES;
				CLANG_WARN_SUSPICIOUS_MOVE = YES;
				CLANG_WARN_UNGUARDED_AVAILABILITY = YES_AGGRESSIVE;
				CLANG_WARN_UNREACHABLE_CODE = YES;
				CLANG_WARN__DUPLICATE_METHOD_MATCH = YES;
				COPY_PHASE_STRIP = NO;
				DEBUG_INFORMATION_FORMAT = dwarf;
				ENABLE_STRICT_OBJC_MSGSEND = YES;
				ENABLE_TESTABILITY = YES;
				ENABLE_USER_SCRIPT_SANDBOXING = YES;
				GCC_C_LANGUAGE_STANDARD = gnu17;
				GCC_DYNAMIC_NO_PIC = NO;
				GCC_NO_COMMON_BLOCKS = YES;
				GCC_OPTIMIZATION_LEVEL = 0;
				GCC_PREPROCESSOR_DEFINITIONS = (
					"DEBUG=1",
					"$(inherited)",
				);
				GCC_WARN_64_TO_32_BIT_CONVERSION = YES;
				GCC_WARN_ABOUT_RETURN_TYPE = YES_ERROR;
				GCC_WARN_UNDECLARED_SELECTOR = YES;
				GCC_WARN_UNINITIALIZED_AUTOS = YES_AGGRESSIVE;
				GCC_WARN_UNUSED_FUNCTION = YES;
				GCC_WARN_UNUSED_VARIABLE = YES;
				LOCALIZATION_PREFERS_STRING_CATALOGS = YES;
				MTL_ENABLE_DEBUG_INFO = INCLUDE_SOURCE;
				MTL_FAST_MATH = YES;
				ONLY_ACTIVE_ARCH = YES;
				SWIFT_ACTIVE_COMPILATION_CONDITIONS = "DEBUG $(inherited)";
				SWIFT_OPTIMIZATION_LEVEL = "-Onone";
				SWIFT_STRICT_CONCURRENCY = minimal;
			};
			name = Debug;
		};
		713654152BF9CD94009871B6 /* Release */ = {
			isa = XCBuildConfiguration;
			buildSettings = {
				ALWAYS_SEARCH_USER_PATHS = NO;
				ASSETCATALOG_COMPILER_GENERATE_SWIFT_ASSET_SYMBOL_EXTENSIONS = YES;
				CLANG_ANALYZER_NONNULL = YES;
				CLANG_ANALYZER_NUMBER_OBJECT_CONVERSION = YES_AGGRESSIVE;
				CLANG_CXX_LANGUAGE_STANDARD = "gnu++20";
				CLANG_ENABLE_MODULES = YES;
				CLANG_ENABLE_OBJC_ARC = YES;
				CLANG_ENABLE_OBJC_WEAK = YES;
				CLANG_WARN_BLOCK_CAPTURE_AUTORELEASING = YES;
				CLANG_WARN_BOOL_CONVERSION = YES;
				CLANG_WARN_COMMA = YES;
				CLANG_WARN_CONSTANT_CONVERSION = YES;
				CLANG_WARN_DEPRECATED_OBJC_IMPLEMENTATIONS = YES;
				CLANG_WARN_DIRECT_OBJC_ISA_USAGE = YES_ERROR;
				CLANG_WARN_DOCUMENTATION_COMMENTS = YES;
				CLANG_WARN_EMPTY_BODY = YES;
				CLANG_WARN_ENUM_CONVERSION = YES;
				CLANG_WARN_INFINITE_RECURSION = YES;
				CLANG_WARN_INT_CONVERSION = YES;
				CLANG_WARN_NON_LITERAL_NULL_CONVERSION = YES;
				CLANG_WARN_OBJC_IMPLICIT_RETAIN_SELF = YES;
				CLANG_WARN_OBJC_LITERAL_CONVERSION = YES;
				CLANG_WARN_OBJC_ROOT_CLASS = YES_ERROR;
				CLANG_WARN_QUOTED_INCLUDE_IN_FRAMEWORK_HEADER = YES;
				CLANG_WARN_RANGE_LOOP_ANALYSIS = YES;
				CLANG_WARN_STRICT_PROTOTYPES = YES;
				CLANG_WARN_SUSPICIOUS_MOVE = YES;
				CLANG_WARN_UNGUARDED_AVAILABILITY = YES_AGGRESSIVE;
				CLANG_WARN_UNREACHABLE_CODE = YES;
				CLANG_WARN__DUPLICATE_METHOD_MATCH = YES;
				COPY_PHASE_STRIP = NO;
				DEBUG_INFORMATION_FORMAT = "dwarf-with-dsym";
				ENABLE_NS_ASSERTIONS = NO;
				ENABLE_STRICT_OBJC_MSGSEND = YES;
				ENABLE_USER_SCRIPT_SANDBOXING = YES;
				GCC_C_LANGUAGE_STANDARD = gnu17;
				GCC_NO_COMMON_BLOCKS = YES;
				GCC_WARN_64_TO_32_BIT_CONVERSION = YES;
				GCC_WARN_ABOUT_RETURN_TYPE = YES_ERROR;
				GCC_WARN_UNDECLARED_SELECTOR = YES;
				GCC_WARN_UNINITIALIZED_AUTOS = YES_AGGRESSIVE;
				GCC_WARN_UNUSED_FUNCTION = YES;
				GCC_WARN_UNUSED_VARIABLE = YES;
				LOCALIZATION_PREFERS_STRING_CATALOGS = YES;
				MTL_ENABLE_DEBUG_INFO = NO;
				MTL_FAST_MATH = YES;
				SWIFT_COMPILATION_MODE = wholemodule;
				SWIFT_STRICT_CONCURRENCY = minimal;
			};
			name = Release;
		};
		713654172BF9CD94009871B6 /* Debug */ = {
			isa = XCBuildConfiguration;
			buildSettings = {
				ASSETCATALOG_COMPILER_APPICON_NAME = AppIcon;
				ASSETCATALOG_COMPILER_GLOBAL_ACCENT_COLOR_NAME = AccentColor;
				CODE_SIGN_ENTITLEMENTS = SlipboxProject/SlipboxProject.entitlements;
				CODE_SIGN_STYLE = Automatic;
				CURRENT_PROJECT_VERSION = 1;
				DEVELOPMENT_ASSET_PATHS = "\"SlipboxProject/Preview Content\"";
				DEVELOPMENT_TEAM = 7V58U7PTNS;
				ENABLE_HARDENED_RUNTIME = YES;
				ENABLE_PREVIEWS = YES;
				GENERATE_INFOPLIST_FILE = YES;
				"INFOPLIST_KEY_UIApplicationSceneManifest_Generation[sdk=iphoneos*]" = YES;
				"INFOPLIST_KEY_UIApplicationSceneManifest_Generation[sdk=iphonesimulator*]" = YES;
				"INFOPLIST_KEY_UIApplicationSupportsIndirectInputEvents[sdk=iphoneos*]" = YES;
				"INFOPLIST_KEY_UIApplicationSupportsIndirectInputEvents[sdk=iphonesimulator*]" = YES;
				"INFOPLIST_KEY_UILaunchScreen_Generation[sdk=iphoneos*]" = YES;
				"INFOPLIST_KEY_UILaunchScreen_Generation[sdk=iphonesimulator*]" = YES;
				"INFOPLIST_KEY_UIStatusBarStyle[sdk=iphoneos*]" = UIStatusBarStyleDefault;
				"INFOPLIST_KEY_UIStatusBarStyle[sdk=iphonesimulator*]" = UIStatusBarStyleDefault;
				INFOPLIST_KEY_UISupportedInterfaceOrientations_iPad = "UIInterfaceOrientationPortrait UIInterfaceOrientationPortraitUpsideDown UIInterfaceOrientationLandscapeLeft UIInterfaceOrientationLandscapeRight";
				INFOPLIST_KEY_UISupportedInterfaceOrientations_iPhone = "UIInterfaceOrientationPortrait UIInterfaceOrientationLandscapeLeft UIInterfaceOrientationLandscapeRight";
				IPHONEOS_DEPLOYMENT_TARGET = 16.0;
				LD_RUNPATH_SEARCH_PATHS = "@executable_path/Frameworks";
				"LD_RUNPATH_SEARCH_PATHS[sdk=macosx*]" = "@executable_path/../Frameworks";
				MACOSX_DEPLOYMENT_TARGET = 14.0;
				MARKETING_VERSION = 1.0;
				PRODUCT_BUNDLE_IDENTIFIER = com.lamberthyl.SlipboxProject;
				PRODUCT_NAME = "$(TARGET_NAME)";
				SDKROOT = auto;
				SUPPORTED_PLATFORMS = "iphoneos iphonesimulator macosx";
				SWIFT_EMIT_LOC_STRINGS = YES;
				SWIFT_STRICT_CONCURRENCY = minimal;
				SWIFT_VERSION = 5.0;
				TARGETED_DEVICE_FAMILY = "1,2";
			};
			name = Debug;
		};
		713654182BF9CD94009871B6 /* Release */ = {
			isa = XCBuildConfiguration;
			buildSettings = {
				ASSETCATALOG_COMPILER_APPICON_NAME = AppIcon;
				ASSETCATALOG_COMPILER_GLOBAL_ACCENT_COLOR_NAME = AccentColor;
				CODE_SIGN_ENTITLEMENTS = SlipboxProject/SlipboxProject.entitlements;
				CODE_SIGN_STYLE = Automatic;
				CURRENT_PROJECT_VERSION = 1;
				DEVELOPMENT_ASSET_PATHS = "\"SlipboxProject/Preview Content\"";
				DEVELOPMENT_TEAM = 7V58U7PTNS;
				ENABLE_HARDENED_RUNTIME = YES;
				ENABLE_PREVIEWS = YES;
				GENERATE_INFOPLIST_FILE = YES;
				"INFOPLIST_KEY_UIApplicationSceneManifest_Generation[sdk=iphoneos*]" = YES;
				"INFOPLIST_KEY_UIApplicationSceneManifest_Generation[sdk=iphonesimulator*]" = YES;
				"INFOPLIST_KEY_UIApplicationSupportsIndirectInputEvents[sdk=iphoneos*]" = YES;
				"INFOPLIST_KEY_UIApplicationSupportsIndirectInputEvents[sdk=iphonesimulator*]" = YES;
				"INFOPLIST_KEY_UILaunchScreen_Generation[sdk=iphoneos*]" = YES;
				"INFOPLIST_KEY_UILaunchScreen_Generation[sdk=iphonesimulator*]" = YES;
				"INFOPLIST_KEY_UIStatusBarStyle[sdk=iphoneos*]" = UIStatusBarStyleDefault;
				"INFOPLIST_KEY_UIStatusBarStyle[sdk=iphonesimulator*]" = UIStatusBarStyleDefault;
				INFOPLIST_KEY_UISupportedInterfaceOrientations_iPad = "UIInterfaceOrientationPortrait UIInterfaceOrientationPortraitUpsideDown UIInterfaceOrientationLandscapeLeft UIInterfaceOrientationLandscapeRight";
				INFOPLIST_KEY_UISupportedInterfaceOrientations_iPhone = "UIInterfaceOrientationPortrait UIInterfaceOrientationLandscapeLeft UIInterfaceOrientationLandscapeRight";
				IPHONEOS_DEPLOYMENT_TARGET = 16.0;
				LD_RUNPATH_SEARCH_PATHS = "@executable_path/Frameworks";
				"LD_RUNPATH_SEARCH_PATHS[sdk=macosx*]" = "@executable_path/../Frameworks";
				MACOSX_DEPLOYMENT_TARGET = 14.0;
				MARKETING_VERSION = 1.0;
				PRODUCT_BUNDLE_IDENTIFIER = com.lamberthyl.SlipboxProject;
				PRODUCT_NAME = "$(TARGET_NAME)";
				SDKROOT = auto;
				SUPPORTED_PLATFORMS = "iphoneos iphonesimulator macosx";
				SWIFT_EMIT_LOC_STRINGS = YES;
				SWIFT_STRICT_CONCURRENCY = minimal;
				SWIFT_VERSION = 5.0;
				TARGETED_DEVICE_FAMILY = "1,2";
			};
			name = Release;
		};
/* End XCBuildConfiguration section */

/* Begin XCConfigurationList section */
		713654022BF9CD93009871B6 /* Build configuration list for PBXProject "SlipboxProject" */ = {
			isa = XCConfigurationList;
			buildConfigurations = (
				713654142BF9CD94009871B6 /* Debug */,
				713654152BF9CD94009871B6 /* Release */,
			);
			defaultConfigurationIsVisible = 0;
			defaultConfigurationName = Release;
		};
		713654162BF9CD94009871B6 /* Build configuration list for PBXNativeTarget "SlipboxProject" */ = {
			isa = XCConfigurationList;
			buildConfigurations = (
				713654172BF9CD94009871B6 /* Debug */,
				713654182BF9CD94009871B6 /* Release */,
			);
			defaultConfigurationIsVisible = 0;
			defaultConfigurationName = Release;
		};
/* End XCConfigurationList section */

/* Begin XCRemoteSwiftPackageReference section */
		713654272BF9CF22009871B6 /* XCRemoteSwiftPackageReference "swift-composable-architecture" */ = {
			isa = XCRemoteSwiftPackageReference;
			repositoryURL = "https://github.com/pointfreeco/swift-composable-architecture.git";
			requirement = {
				kind = upToNextMajorVersion;
				minimumVersion = 1.10.4;
			};
		};
/* End XCRemoteSwiftPackageReference section */

/* Begin XCSwiftPackageProductDependency section */
		713654282BF9CF22009871B6 /* ComposableArchitecture */ = {
			isa = XCSwiftPackageProductDependency;
			package = 713654272BF9CF22009871B6 /* XCRemoteSwiftPackageReference "swift-composable-architecture" */;
			productName = ComposableArchitecture;
		};
/* End XCSwiftPackageProductDependency section */

/* Begin XCVersionGroup section */
		7136541B2BF9CE24009871B6 /* Slipbox.xcdatamodeld */ = {
			isa = XCVersionGroup;
			children = (
				7136541C2BF9CE24009871B6 /* Slipbox.xcdatamodel */,
			);
			currentVersion = 7136541C2BF9CE24009871B6 /* Slipbox.xcdatamodel */;
			name = Slipbox.xcdatamodeld;
			path = "/Users/anderson/Desktop/Slipbox/SlipboxProject/SlipboxProject/Core Data/Slipbox.xcdatamodeld";
			sourceTree = "<group>";
			versionGroupType = wrapper.xcdatamodel;
		};
/* End XCVersionGroup section */
	};
	rootObject = 713653FF2BF9CD93009871B6 /* Project object */;
}
